
Microsoft Visual Studio Solution File, Format Version 12.00
Project("{2150E333-8FDC-42A3-9474-1A3956D46DE8}") = "src", "src", "{F806A6E3-AD86-4810-86F5-3EE2C531717F}"
EndProject
Project("{FAE04EC0-301F-11D3-BF4B-00C04F79EFBC}") = "Raycynix.Extensions.Common", "src\Raycynix.Extensions.Common\Raycynix.Extensions.Common.csproj", "{446D1B34-438B-4567-8C58-FFA40886C648}"
EndProject
Project("{2150E333-8FDC-42A3-9474-1A3956D46DE8}") = "Configuration", "Configuration", "{B0257B51-0365-45F7-A032-6F504E3ED533}"
EndProject
Project("{FAE04EC0-301F-11D3-BF4B-00C04F79EFBC}") = "Raycynix.Extensions.Configuration.Abstractions", "src\Raycynix.Extensions.Configuration.Abstractions\Raycynix.Extensions.Configuration.Abstractions.csproj", "{AD7713B2-0DEA-4427-A099-0A5736C66F8B}"
EndProject
Project("{FAE04EC0-301F-11D3-BF4B-00C04F79EFBC}") = "Raycynix.Extensions.Configuration", "src\Raycynix.Extensions.Configuration\Raycynix.Extensions.Configuration.csproj", "{ACF2CFD3-5598-453E-95E4-D27B05C41EA7}"
EndProject
Project("{FAE04EC0-301F-11D3-BF4B-00C04F79EFBC}") = "Raycynix.Extensions.Configuration.AspNetCore", "src\Raycynix.Extensions.Configuration.AspNetCore\Raycynix.Extensions.Configuration.AspNetCore.csproj", "{F2A59771-F8A6-4FA7-AB0B-AD1240ACBD1E}"
EndProject
Project("{2150E333-8FDC-42A3-9474-1A3956D46DE8}") = "Contracts", "Contracts", "{107B8129-2077-4CE0-9BD3-7675870D77D7}"
EndProject
Project("{FAE04EC0-301F-11D3-BF4B-00C04F79EFBC}") = "Raycynix.Extensions.Contracts", "src\Raycynix.Extensions.Contracts\Raycynix.Extensions.Contracts.csproj", "{8AB2344B-11FE-48AB-A140-DAE0B2FB8E0F}"
EndProject
Project("{FAE04EC0-301F-11D3-BF4B-00C04F79EFBC}") = "Raycynix.Extensions.Contracts.AspNetCore", "src\Raycynix.Extensions.Contracts.AspNetCore\Raycynix.Extensions.Contracts.AspNetCore.csproj", "{CE21EE84-9ED6-4F1B-97B8-5DB0BCE88787}"
EndProject
Project("{2150E333-8FDC-42A3-9474-1A3956D46DE8}") = "Database", "Database", "{85B7AC0B-BB66-438B-80B0-ADB9E512F69F}"
EndProject
Project("{FAE04EC0-301F-11D3-BF4B-00C04F79EFBC}") = "Raycynix.Extensions.Database.Abstractions", "src\Raycynix.Extensions.Database.Abstractions\Raycynix.Extensions.Database.Abstractions.csproj", "{37E5D251-3374-443F-98AF-905B9CF627DD}"
EndProject
Project("{FAE04EC0-301F-11D3-BF4B-00C04F79EFBC}") = "Raycynix.Extensions.Database", "src\Raycynix.Extensions.Database\Raycynix.Extensions.Database.csproj", "{408AE015-1312-4139-A191-5F34B164F08E}"
EndProject
Project("{FAE04EC0-301F-11D3-BF4B-00C04F79EFBC}") = "Raycynix.Extensions.Database.Hosting", "src\Raycynix.Extensions.Database.Hosting\Raycynix.Extensions.Database.Hosting.csproj", "{2741B5C2-618C-46BA-BF97-4365337C8153}"
EndProject
Project("{FAE04EC0-301F-11D3-BF4B-00C04F79EFBC}") = "Raycynix.Extensions.Database.AspNetCore", "src\Raycynix.Extensions.Database.AspNetCore\Raycynix.Extensions.Database.AspNetCore.csproj", "{056853E2-57A4-4C33-B065-FECBD0073A26}"
EndProject
Project("{2150E333-8FDC-42A3-9474-1A3956D46DE8}") = "Exceptions", "Exceptions", "{A33E87AD-E657-42B4-9115-71BBA2FA1212}"
EndProject
Project("{FAE04EC0-301F-11D3-BF4B-00C04F79EFBC}") = "Raycynix.Extensions.Exceptions.Abstractions", "src\Raycynix.Extensions.Exceptions.Abstractions\Raycynix.Extensions.Exceptions.Abstractions.csproj", "{48FEB21D-DBEF-4686-AF07-9AC8F0AC24B2}"
EndProject
Project("{FAE04EC0-301F-11D3-BF4B-00C04F79EFBC}") = "Raycynix.Extensions.Exceptions", "src\Raycynix.Extensions.Exceptions\Raycynix.Extensions.Exceptions.csproj", "{F2B1413D-CFF9-490F-BDF9-5AEF45C09DA9}"
EndProject
Project("{FAE04EC0-301F-11D3-BF4B-00C04F79EFBC}") = "Raycynix.Extensions.Exceptions.AspNetCore", "src\Raycynix.Extensions.Exceptions.AspNetCore\Raycynix.Extensions.Exceptions.AspNetCore.csproj", "{00B0923A-E40A-44C6-B8C4-61FB4A6002BF}"
EndProject
Project("{2150E333-8FDC-42A3-9474-1A3956D46DE8}") = "Observability", "Observability", "{D6E0AEAD-BA07-4832-A628-2C32212DC797}"
EndProject
Project("{FAE04EC0-301F-11D3-BF4B-00C04F79EFBC}") = "Raycynix.Extensions.Observability", "src\Raycynix.Extensions.Observability\Raycynix.Extensions.Observability.csproj", "{CC8C34BB-99A4-47C8-A6B4-6EDEFB3C26F8}"
EndProject
Project("{FAE04EC0-301F-11D3-BF4B-00C04F79EFBC}") = "Raycynix.Extensions.Observability.AspNetCore", "src\Raycynix.Extensions.Observability.AspNetCore\Raycynix.Extensions.Observability.AspNetCore.csproj", "{C567B1B7-2C3F-4FC5-BD9C-3F0CBFCB4E2A}"
EndProject
Project("{2150E333-8FDC-42A3-9474-1A3956D46DE8}") = "Logging", "Logging", "{99940817-284B-4AE2-944F-B0ABE2C0B1E3}"
EndProject
Project("{FAE04EC0-301F-11D3-BF4B-00C04F79EFBC}") = "Raycynix.Extensions.Logging.Abstractions", "src\Raycynix.Extensions.Logging.Abstractions\Raycynix.Extensions.Logging.Abstractions.csproj", "{4123DB0C-4799-461E-9E09-3738777C2DD6}"
EndProject
Project("{FAE04EC0-301F-11D3-BF4B-00C04F79EFBC}") = "Raycynix.Extensions.Logging", "src\Raycynix.Extensions.Logging\Raycynix.Extensions.Logging.csproj", "{987E464F-92D0-4156-9E4B-9E27EE63931E}"
EndProject
Project("{2150E333-8FDC-42A3-9474-1A3956D46DE8}") = "Metrics", "Metrics", "{9CFC7EE0-B711-4287-8162-B3D1BF165A7F}"
EndProject
Project("{FAE04EC0-301F-11D3-BF4B-00C04F79EFBC}") = "Raycynix.Extensions.Metrics.Abstractions", "src\Raycynix.Extensions.Metrics.Abstractions\Raycynix.Extensions.Metrics.Abstractions.csproj", "{014A6975-D9A4-48DC-943B-2B461FA2EE64}"
EndProject
Project("{FAE04EC0-301F-11D3-BF4B-00C04F79EFBC}") = "Raycynix.Extensions.Metrics", "src\Raycynix.Extensions.Metrics\Raycynix.Extensions.Metrics.csproj", "{91BFCAA2-1F64-4D2D-A0CC-3DA6DDFE454C}"
EndProject
Project("{FAE04EC0-301F-11D3-BF4B-00C04F79EFBC}") = "Raycynix.Extensions.Metrics.AspNetCore", "src\Raycynix.Extensions.Metrics.AspNetCore\Raycynix.Extensions.Metrics.AspNetCore.csproj", "{D7B728A9-22A4-4B2C-AE43-93F4D48E5D61}"
EndProject
Project("{2150E333-8FDC-42A3-9474-1A3956D46DE8}") = "Tracing", "Tracing", "{917E4630-97F8-4178-8D1E-C87684E77099}"
EndProject
Project("{FAE04EC0-301F-11D3-BF4B-00C04F79EFBC}") = "Raycynix.Extensions.Tracing.Abstractions", "src\Raycynix.Extensions.Tracing.Abstractions\Raycynix.Extensions.Tracing.Abstractions.csproj", "{81050703-B15A-4C8F-90ED-8CDD2A45F175}"
EndProject
Project("{FAE04EC0-301F-11D3-BF4B-00C04F79EFBC}") = "Raycynix.Extensions.Tracing", "src\Raycynix.Extensions.Tracing\Raycynix.Extensions.Tracing.csproj", "{103E84D0-6C48-4D92-BF49-5D233B72AFED}"
EndProject
Project("{FAE04EC0-301F-11D3-BF4B-00C04F79EFBC}") = "Raycynix.Extensions.Tracing.AspNetCore", "src\Raycynix.Extensions.Tracing.AspNetCore\Raycynix.Extensions.Tracing.AspNetCore.csproj", "{8C6E9F73-0ACA-407D-AE1C-0C477DC80C49}"
EndProject
Project("{2150E333-8FDC-42A3-9474-1A3956D46DE8}") = "Security", "Security", "{46B7028D-954E-4AE6-85D4-83F5DB8C10CB}"
EndProject
Project("{FAE04EC0-301F-11D3-BF4B-00C04F79EFBC}") = "Raycynix.Extensions.Security.Abstractions", "src\Raycynix.Extensions.Security.Abstractions\Raycynix.Extensions.Security.Abstractions.csproj", "{94CCC92C-44C2-4923-B1A2-0BED63DD9734}"
EndProject
Project("{FAE04EC0-301F-11D3-BF4B-00C04F79EFBC}") = "Raycynix.Extensions.Security", "src\Raycynix.Extensions.Security\Raycynix.Extensions.Security.csproj", "{96F1A3E7-C25F-4A87-AD0D-3766217EE7F1}"
EndProject
Project("{FAE04EC0-301F-11D3-BF4B-00C04F79EFBC}") = "Raycynix.Extensions.Security.AspNetCore", "src\Raycynix.Extensions.Security.AspNetCore\Raycynix.Extensions.Security.AspNetCore.csproj", "{346A6CE4-109D-490F-84DC-60B0C129FBB4}"
EndProject
Project("{FAE04EC0-301F-11D3-BF4B-00C04F79EFBC}") = "Raycynix.Extensions.Secrets", "src\Raycynix.Extensions.Secrets\Raycynix.Extensions.Secrets.csproj", "{EA8FB14E-1497-48A6-8F13-70F56054A1C5}"
EndProject
Project("{2150E333-8FDC-42A3-9474-1A3956D46DE8}") = "tests", "tests", "{CD7E63E8-34E0-4B86-8B86-12F31B36DF23}"
EndProject
Project("{2150E333-8FDC-42A3-9474-1A3956D46DE8}") = "Configuration", "Configuration", "{50D04682-1C22-4DAC-8EF5-6E5B8402A4C9}"
EndProject
Project("{FAE04EC0-301F-11D3-BF4B-00C04F79EFBC}") = "Raycynix.Extensions.Configuration.Tests", "tests\Raycynix.Extensions.Configuration.Tests\Raycynix.Extensions.Configuration.Tests.csproj", "{1A343A43-5B4E-43FA-8CFD-1E6D32FD1C09}"
EndProject
Project("{FAE04EC0-301F-11D3-BF4B-00C04F79EFBC}") = "Raycynix.Extensions.Configuration.AspNetCore.Tests", "tests\Raycynix.Extensions.Configuration.AspNetCore.Tests\Raycynix.Extensions.Configuration.AspNetCore.Tests.csproj", "{860E69A8-0E3A-4563-AFB7-E8A6DA577701}"
EndProject
Project("{2150E333-8FDC-42A3-9474-1A3956D46DE8}") = "Contracts", "Contracts", "{21CBD5FC-EF59-4203-B17C-A338DCE4187D}"
EndProject
Project("{FAE04EC0-301F-11D3-BF4B-00C04F79EFBC}") = "Raycynix.Extensions.Contracts.Tests", "tests\Raycynix.Extensions.Contracts.Tests\Raycynix.Extensions.Contracts.Tests.csproj", "{51D2D2D4-486E-4772-B1C4-B2E85F751C8C}"
EndProject
Project("{FAE04EC0-301F-11D3-BF4B-00C04F79EFBC}") = "Raycynix.Extensions.Contracts.AspNetCore.Tests", "tests\Raycynix.Extensions.Contracts.AspNetCore.Tests\Raycynix.Extensions.Contracts.AspNetCore.Tests.csproj", "{D9DE8C48-9F4C-4D65-8B95-90958446899A}"
EndProject
Project("{2150E333-8FDC-42A3-9474-1A3956D46DE8}") = "Database", "Database", "{D6656535-942C-4507-999D-130504F01D86}"
EndProject
Project("{FAE04EC0-301F-11D3-BF4B-00C04F79EFBC}") = "Raycynix.Extensions.Database.Tests", "tests\Raycynix.Extensions.Database.Tests\Raycynix.Extensions.Database.Tests.csproj", "{10DB4D5D-F8D1-4132-9E53-F4ED9C9ACA0D}"
EndProject
Project("{FAE04EC0-301F-11D3-BF4B-00C04F79EFBC}") = "Raycynix.Extensions.Database.Hosting.Tests", "tests\Raycynix.Extensions.Database.Hosting.Tests\Raycynix.Extensions.Database.Hosting.Tests.csproj", "{713B1F69-DCE6-426D-84BE-A9275D95CDCC}"
EndProject
Project("{FAE04EC0-301F-11D3-BF4B-00C04F79EFBC}") = "Raycynix.Extensions.Database.AspNetCore.Tests", "tests\Raycynix.Extensions.Database.AspNetCore.Tests\Raycynix.Extensions.Database.AspNetCore.Tests.csproj", "{27D291F5-E8A6-49EE-9B16-28CB10EA1CE4}"
EndProject
Project("{2150E333-8FDC-42A3-9474-1A3956D46DE8}") = "Exceptions", "Exceptions", "{40E0A74F-AF0D-4831-92EB-5F5265AB2D25}"
EndProject
Project("{FAE04EC0-301F-11D3-BF4B-00C04F79EFBC}") = "Raycynix.Extensions.Exceptions.Tests", "tests\Raycynix.Extensions.Exceptions.Tests\Raycynix.Extensions.Exceptions.Tests.csproj", "{A3655B52-6E9D-4398-B84F-C08C4BDEEDCA}"
EndProject
Project("{FAE04EC0-301F-11D3-BF4B-00C04F79EFBC}") = "Raycynix.Extensions.Exceptions.AspNetCore.Tests", "tests\Raycynix.Extensions.Exceptions.AspNetCore.Tests\Raycynix.Extensions.Exceptions.AspNetCore.Tests.csproj", "{CB6468BF-DF04-4FA9-89FC-603B81F88657}"
EndProject
Project("{2150E333-8FDC-42A3-9474-1A3956D46DE8}") = "Observability", "Observability", "{52FFCA1C-EDEF-4ACB-B595-E028AAB4D1BB}"
EndProject
Project("{FAE04EC0-301F-11D3-BF4B-00C04F79EFBC}") = "Raycynix.Extensions.Observability.Tests", "tests\Raycynix.Extensions.Observability.Tests\Raycynix.Extensions.Observability.Tests.csproj", "{6D131190-BF89-441E-8698-0991C4F69E64}"
EndProject
Project("{FAE04EC0-301F-11D3-BF4B-00C04F79EFBC}") = "Raycynix.Extensions.Observability.AspNetCore.Tests", "tests\Raycynix.Extensions.Observability.AspNetCore.Tests\Raycynix.Extensions.Observability.AspNetCore.Tests.csproj", "{1C30C52A-784E-4D6D-8ACC-BCD369EA9FCD}"
EndProject
Project("{2150E333-8FDC-42A3-9474-1A3956D46DE8}") = "Logging", "Logging", "{161A1616-6DBC-49BE-9FC6-75E0CC42C847}"
EndProject
Project("{FAE04EC0-301F-11D3-BF4B-00C04F79EFBC}") = "Raycynix.Extensions.Logging.Tests", "tests\Raycynix.Extensions.Logging.Tests\Raycynix.Extensions.Logging.Tests.csproj", "{CA9B0A22-349B-4445-B6CE-C277F0ACC563}"
EndProject
Project("{2150E333-8FDC-42A3-9474-1A3956D46DE8}") = "Metrics", "Metrics", "{3C22E8D6-CCC2-4445-B5F8-8B8468B77141}"
EndProject
Project("{FAE04EC0-301F-11D3-BF4B-00C04F79EFBC}") = "Raycynix.Extensions.Metrics.Tests", "tests\Raycynix.Extensions.Metrics.Tests\Raycynix.Extensions.Metrics.Tests.csproj", "{F9907AE3-663F-4ABB-9D44-3FC7A87146C8}"
EndProject
Project("{FAE04EC0-301F-11D3-BF4B-00C04F79EFBC}") = "Raycynix.Extensions.Metrics.AspNetCore.Tests", "tests\Raycynix.Extensions.Metrics.AspNetCore.Tests\Raycynix.Extensions.Metrics.AspNetCore.Tests.csproj", "{A3F56DAD-EE73-4E18-83F0-A620A8600F32}"
EndProject
Project("{2150E333-8FDC-42A3-9474-1A3956D46DE8}") = "Tracing", "Tracing", "{DA851050-8668-48E3-9611-AB0A600B759C}"
EndProject
Project("{FAE04EC0-301F-11D3-BF4B-00C04F79EFBC}") = "Raycynix.Extensions.Tracing.Tests", "tests\Raycynix.Extensions.Tracing.Tests\Raycynix.Extensions.Tracing.Tests.csproj", "{EC950BF6-9DDE-47F3-9A8F-C947A1FC8E7F}"
EndProject
Project("{FAE04EC0-301F-11D3-BF4B-00C04F79EFBC}") = "Raycynix.Extensions.Tracing.AspNetCore.Tests", "tests\Raycynix.Extensions.Tracing.AspNetCore.Tests\Raycynix.Extensions.Tracing.AspNetCore.Tests.csproj", "{8EEAD411-C92C-4339-A29E-72B1C4B10634}"
EndProject
Project("{2150E333-8FDC-42A3-9474-1A3956D46DE8}") = "Security", "Security", "{89FBE20F-AA5D-4777-9F5D-A62846B60107}"
EndProject
Project("{FAE04EC0-301F-11D3-BF4B-00C04F79EFBC}") = "Raycynix.Extensions.Security.Tests", "tests\Raycynix.Extensions.Security.Tests\Raycynix.Extensions.Security.Tests.csproj", "{DB5FE1F3-4223-4B70-8F9E-90F8A6E22974}"
EndProject
Project("{FAE04EC0-301F-11D3-BF4B-00C04F79EFBC}") = "Raycynix.Extensions.Security.AspNetCore.Tests", "tests\Raycynix.Extensions.Security.AspNetCore.Tests\Raycynix.Extensions.Security.AspNetCore.Tests.csproj", "{48B98A58-B179-4D1E-AF91-DC1C30F196FF}"
EndProject
Global
	GlobalSection(SolutionConfigurationPlatforms) = preSolution
		Debug|Any CPU = Debug|Any CPU
		Debug|x64 = Debug|x64
		Debug|x86 = Debug|x86
		Release|Any CPU = Release|Any CPU
		Release|x64 = Release|x64
		Release|x86 = Release|x86
	EndGlobalSection
	GlobalSection(ProjectConfigurationPlatforms) = postSolution
		{446D1B34-438B-4567-8C58-FFA40886C648}.Debug|Any CPU.ActiveCfg = Debug|Any CPU
		{446D1B34-438B-4567-8C58-FFA40886C648}.Debug|Any CPU.Build.0 = Debug|Any CPU
		{446D1B34-438B-4567-8C58-FFA40886C648}.Debug|x64.ActiveCfg = Debug|Any CPU
		{446D1B34-438B-4567-8C58-FFA40886C648}.Debug|x64.Build.0 = Debug|Any CPU
		{446D1B34-438B-4567-8C58-FFA40886C648}.Debug|x86.ActiveCfg = Debug|Any CPU
		{446D1B34-438B-4567-8C58-FFA40886C648}.Debug|x86.Build.0 = Debug|Any CPU
		{446D1B34-438B-4567-8C58-FFA40886C648}.Release|Any CPU.ActiveCfg = Release|Any CPU
		{446D1B34-438B-4567-8C58-FFA40886C648}.Release|Any CPU.Build.0 = Release|Any CPU
		{446D1B34-438B-4567-8C58-FFA40886C648}.Release|x64.ActiveCfg = Release|Any CPU
		{446D1B34-438B-4567-8C58-FFA40886C648}.Release|x64.Build.0 = Release|Any CPU
		{446D1B34-438B-4567-8C58-FFA40886C648}.Release|x86.ActiveCfg = Release|Any CPU
		{446D1B34-438B-4567-8C58-FFA40886C648}.Release|x86.Build.0 = Release|Any CPU
		{37E5D251-3374-443F-98AF-905B9CF627DD}.Debug|Any CPU.ActiveCfg = Debug|Any CPU
		{37E5D251-3374-443F-98AF-905B9CF627DD}.Debug|Any CPU.Build.0 = Debug|Any CPU
		{37E5D251-3374-443F-98AF-905B9CF627DD}.Debug|x64.ActiveCfg = Debug|Any CPU
		{37E5D251-3374-443F-98AF-905B9CF627DD}.Debug|x64.Build.0 = Debug|Any CPU
		{37E5D251-3374-443F-98AF-905B9CF627DD}.Debug|x86.ActiveCfg = Debug|Any CPU
		{37E5D251-3374-443F-98AF-905B9CF627DD}.Debug|x86.Build.0 = Debug|Any CPU
		{37E5D251-3374-443F-98AF-905B9CF627DD}.Release|Any CPU.ActiveCfg = Release|Any CPU
		{37E5D251-3374-443F-98AF-905B9CF627DD}.Release|Any CPU.Build.0 = Release|Any CPU
		{37E5D251-3374-443F-98AF-905B9CF627DD}.Release|x64.ActiveCfg = Release|Any CPU
		{37E5D251-3374-443F-98AF-905B9CF627DD}.Release|x64.Build.0 = Release|Any CPU
		{37E5D251-3374-443F-98AF-905B9CF627DD}.Release|x86.ActiveCfg = Release|Any CPU
		{37E5D251-3374-443F-98AF-905B9CF627DD}.Release|x86.Build.0 = Release|Any CPU
		{408AE015-1312-4139-A191-5F34B164F08E}.Debug|Any CPU.ActiveCfg = Debug|Any CPU
		{408AE015-1312-4139-A191-5F34B164F08E}.Debug|Any CPU.Build.0 = Debug|Any CPU
		{408AE015-1312-4139-A191-5F34B164F08E}.Debug|x64.ActiveCfg = Debug|Any CPU
		{408AE015-1312-4139-A191-5F34B164F08E}.Debug|x64.Build.0 = Debug|Any CPU
		{408AE015-1312-4139-A191-5F34B164F08E}.Debug|x86.ActiveCfg = Debug|Any CPU
		{408AE015-1312-4139-A191-5F34B164F08E}.Debug|x86.Build.0 = Debug|Any CPU
		{408AE015-1312-4139-A191-5F34B164F08E}.Release|Any CPU.ActiveCfg = Release|Any CPU
		{408AE015-1312-4139-A191-5F34B164F08E}.Release|Any CPU.Build.0 = Release|Any CPU
		{408AE015-1312-4139-A191-5F34B164F08E}.Release|x64.ActiveCfg = Release|Any CPU
		{408AE015-1312-4139-A191-5F34B164F08E}.Release|x64.Build.0 = Release|Any CPU
		{408AE015-1312-4139-A191-5F34B164F08E}.Release|x86.ActiveCfg = Release|Any CPU
		{408AE015-1312-4139-A191-5F34B164F08E}.Release|x86.Build.0 = Release|Any CPU
		{2741B5C2-618C-46BA-BF97-4365337C8153}.Debug|Any CPU.ActiveCfg = Debug|Any CPU
		{2741B5C2-618C-46BA-BF97-4365337C8153}.Debug|Any CPU.Build.0 = Debug|Any CPU
		{2741B5C2-618C-46BA-BF97-4365337C8153}.Debug|x64.ActiveCfg = Debug|Any CPU
		{2741B5C2-618C-46BA-BF97-4365337C8153}.Debug|x64.Build.0 = Debug|Any CPU
		{2741B5C2-618C-46BA-BF97-4365337C8153}.Debug|x86.ActiveCfg = Debug|Any CPU
		{2741B5C2-618C-46BA-BF97-4365337C8153}.Debug|x86.Build.0 = Debug|Any CPU
		{2741B5C2-618C-46BA-BF97-4365337C8153}.Release|Any CPU.ActiveCfg = Release|Any CPU
		{2741B5C2-618C-46BA-BF97-4365337C8153}.Release|Any CPU.Build.0 = Release|Any CPU
		{2741B5C2-618C-46BA-BF97-4365337C8153}.Release|x64.ActiveCfg = Release|Any CPU
		{2741B5C2-618C-46BA-BF97-4365337C8153}.Release|x64.Build.0 = Release|Any CPU
		{2741B5C2-618C-46BA-BF97-4365337C8153}.Release|x86.ActiveCfg = Release|Any CPU
		{2741B5C2-618C-46BA-BF97-4365337C8153}.Release|x86.Build.0 = Release|Any CPU
		{056853E2-57A4-4C33-B065-FECBD0073A26}.Debug|Any CPU.ActiveCfg = Debug|Any CPU
		{056853E2-57A4-4C33-B065-FECBD0073A26}.Debug|Any CPU.Build.0 = Debug|Any CPU
		{056853E2-57A4-4C33-B065-FECBD0073A26}.Debug|x64.ActiveCfg = Debug|Any CPU
		{056853E2-57A4-4C33-B065-FECBD0073A26}.Debug|x64.Build.0 = Debug|Any CPU
		{056853E2-57A4-4C33-B065-FECBD0073A26}.Debug|x86.ActiveCfg = Debug|Any CPU
		{056853E2-57A4-4C33-B065-FECBD0073A26}.Debug|x86.Build.0 = Debug|Any CPU
		{056853E2-57A4-4C33-B065-FECBD0073A26}.Release|Any CPU.ActiveCfg = Release|Any CPU
		{056853E2-57A4-4C33-B065-FECBD0073A26}.Release|Any CPU.Build.0 = Release|Any CPU
		{056853E2-57A4-4C33-B065-FECBD0073A26}.Release|x64.ActiveCfg = Release|Any CPU
		{056853E2-57A4-4C33-B065-FECBD0073A26}.Release|x64.Build.0 = Release|Any CPU
		{056853E2-57A4-4C33-B065-FECBD0073A26}.Release|x86.ActiveCfg = Release|Any CPU
		{056853E2-57A4-4C33-B065-FECBD0073A26}.Release|x86.Build.0 = Release|Any CPU
		{48FEB21D-DBEF-4686-AF07-9AC8F0AC24B2}.Debug|Any CPU.ActiveCfg = Debug|Any CPU
		{48FEB21D-DBEF-4686-AF07-9AC8F0AC24B2}.Debug|Any CPU.Build.0 = Debug|Any CPU
		{48FEB21D-DBEF-4686-AF07-9AC8F0AC24B2}.Debug|x64.ActiveCfg = Debug|Any CPU
		{48FEB21D-DBEF-4686-AF07-9AC8F0AC24B2}.Debug|x64.Build.0 = Debug|Any CPU
		{48FEB21D-DBEF-4686-AF07-9AC8F0AC24B2}.Debug|x86.ActiveCfg = Debug|Any CPU
		{48FEB21D-DBEF-4686-AF07-9AC8F0AC24B2}.Debug|x86.Build.0 = Debug|Any CPU
		{48FEB21D-DBEF-4686-AF07-9AC8F0AC24B2}.Release|Any CPU.ActiveCfg = Release|Any CPU
		{48FEB21D-DBEF-4686-AF07-9AC8F0AC24B2}.Release|Any CPU.Build.0 = Release|Any CPU
		{48FEB21D-DBEF-4686-AF07-9AC8F0AC24B2}.Release|x64.ActiveCfg = Release|Any CPU
		{48FEB21D-DBEF-4686-AF07-9AC8F0AC24B2}.Release|x64.Build.0 = Release|Any CPU
		{48FEB21D-DBEF-4686-AF07-9AC8F0AC24B2}.Release|x86.ActiveCfg = Release|Any CPU
		{48FEB21D-DBEF-4686-AF07-9AC8F0AC24B2}.Release|x86.Build.0 = Release|Any CPU
		{F2B1413D-CFF9-490F-BDF9-5AEF45C09DA9}.Debug|Any CPU.ActiveCfg = Debug|Any CPU
		{F2B1413D-CFF9-490F-BDF9-5AEF45C09DA9}.Debug|Any CPU.Build.0 = Debug|Any CPU
		{F2B1413D-CFF9-490F-BDF9-5AEF45C09DA9}.Debug|x64.ActiveCfg = Debug|Any CPU
		{F2B1413D-CFF9-490F-BDF9-5AEF45C09DA9}.Debug|x64.Build.0 = Debug|Any CPU
		{F2B1413D-CFF9-490F-BDF9-5AEF45C09DA9}.Debug|x86.ActiveCfg = Debug|Any CPU
		{F2B1413D-CFF9-490F-BDF9-5AEF45C09DA9}.Debug|x86.Build.0 = Debug|Any CPU
		{F2B1413D-CFF9-490F-BDF9-5AEF45C09DA9}.Release|Any CPU.ActiveCfg = Release|Any CPU
		{F2B1413D-CFF9-490F-BDF9-5AEF45C09DA9}.Release|Any CPU.Build.0 = Release|Any CPU
		{F2B1413D-CFF9-490F-BDF9-5AEF45C09DA9}.Release|x64.ActiveCfg = Release|Any CPU
		{F2B1413D-CFF9-490F-BDF9-5AEF45C09DA9}.Release|x64.Build.0 = Release|Any CPU
		{F2B1413D-CFF9-490F-BDF9-5AEF45C09DA9}.Release|x86.ActiveCfg = Release|Any CPU
		{F2B1413D-CFF9-490F-BDF9-5AEF45C09DA9}.Release|x86.Build.0 = Release|Any CPU
		{00B0923A-E40A-44C6-B8C4-61FB4A6002BF}.Debug|Any CPU.ActiveCfg = Debug|Any CPU
		{00B0923A-E40A-44C6-B8C4-61FB4A6002BF}.Debug|Any CPU.Build.0 = Debug|Any CPU
		{00B0923A-E40A-44C6-B8C4-61FB4A6002BF}.Debug|x64.ActiveCfg = Debug|Any CPU
		{00B0923A-E40A-44C6-B8C4-61FB4A6002BF}.Debug|x64.Build.0 = Debug|Any CPU
		{00B0923A-E40A-44C6-B8C4-61FB4A6002BF}.Debug|x86.ActiveCfg = Debug|Any CPU
		{00B0923A-E40A-44C6-B8C4-61FB4A6002BF}.Debug|x86.Build.0 = Debug|Any CPU
		{00B0923A-E40A-44C6-B8C4-61FB4A6002BF}.Release|Any CPU.ActiveCfg = Release|Any CPU
		{00B0923A-E40A-44C6-B8C4-61FB4A6002BF}.Release|Any CPU.Build.0 = Release|Any CPU
		{00B0923A-E40A-44C6-B8C4-61FB4A6002BF}.Release|x64.ActiveCfg = Release|Any CPU
		{00B0923A-E40A-44C6-B8C4-61FB4A6002BF}.Release|x64.Build.0 = Release|Any CPU
		{00B0923A-E40A-44C6-B8C4-61FB4A6002BF}.Release|x86.ActiveCfg = Release|Any CPU
		{00B0923A-E40A-44C6-B8C4-61FB4A6002BF}.Release|x86.Build.0 = Release|Any CPU
		{CC8C34BB-99A4-47C8-A6B4-6EDEFB3C26F8}.Debug|Any CPU.ActiveCfg = Debug|Any CPU
		{CC8C34BB-99A4-47C8-A6B4-6EDEFB3C26F8}.Debug|Any CPU.Build.0 = Debug|Any CPU
		{CC8C34BB-99A4-47C8-A6B4-6EDEFB3C26F8}.Debug|x64.ActiveCfg = Debug|Any CPU
		{CC8C34BB-99A4-47C8-A6B4-6EDEFB3C26F8}.Debug|x64.Build.0 = Debug|Any CPU
		{CC8C34BB-99A4-47C8-A6B4-6EDEFB3C26F8}.Debug|x86.ActiveCfg = Debug|Any CPU
		{CC8C34BB-99A4-47C8-A6B4-6EDEFB3C26F8}.Debug|x86.Build.0 = Debug|Any CPU
		{CC8C34BB-99A4-47C8-A6B4-6EDEFB3C26F8}.Release|Any CPU.ActiveCfg = Release|Any CPU
		{CC8C34BB-99A4-47C8-A6B4-6EDEFB3C26F8}.Release|Any CPU.Build.0 = Release|Any CPU
		{CC8C34BB-99A4-47C8-A6B4-6EDEFB3C26F8}.Release|x64.ActiveCfg = Release|Any CPU
		{CC8C34BB-99A4-47C8-A6B4-6EDEFB3C26F8}.Release|x64.Build.0 = Release|Any CPU
		{CC8C34BB-99A4-47C8-A6B4-6EDEFB3C26F8}.Release|x86.ActiveCfg = Release|Any CPU
		{CC8C34BB-99A4-47C8-A6B4-6EDEFB3C26F8}.Release|x86.Build.0 = Release|Any CPU
		{C567B1B7-2C3F-4FC5-BD9C-3F0CBFCB4E2A}.Debug|Any CPU.ActiveCfg = Debug|Any CPU
		{C567B1B7-2C3F-4FC5-BD9C-3F0CBFCB4E2A}.Debug|Any CPU.Build.0 = Debug|Any CPU
		{C567B1B7-2C3F-4FC5-BD9C-3F0CBFCB4E2A}.Debug|x64.ActiveCfg = Debug|Any CPU
		{C567B1B7-2C3F-4FC5-BD9C-3F0CBFCB4E2A}.Debug|x64.Build.0 = Debug|Any CPU
		{C567B1B7-2C3F-4FC5-BD9C-3F0CBFCB4E2A}.Debug|x86.ActiveCfg = Debug|Any CPU
		{C567B1B7-2C3F-4FC5-BD9C-3F0CBFCB4E2A}.Debug|x86.Build.0 = Debug|Any CPU
		{C567B1B7-2C3F-4FC5-BD9C-3F0CBFCB4E2A}.Release|Any CPU.ActiveCfg = Release|Any CPU
		{C567B1B7-2C3F-4FC5-BD9C-3F0CBFCB4E2A}.Release|Any CPU.Build.0 = Release|Any CPU
		{C567B1B7-2C3F-4FC5-BD9C-3F0CBFCB4E2A}.Release|x64.ActiveCfg = Release|Any CPU
		{C567B1B7-2C3F-4FC5-BD9C-3F0CBFCB4E2A}.Release|x64.Build.0 = Release|Any CPU
		{C567B1B7-2C3F-4FC5-BD9C-3F0CBFCB4E2A}.Release|x86.ActiveCfg = Release|Any CPU
		{C567B1B7-2C3F-4FC5-BD9C-3F0CBFCB4E2A}.Release|x86.Build.0 = Release|Any CPU
		{4123DB0C-4799-461E-9E09-3738777C2DD6}.Debug|Any CPU.ActiveCfg = Debug|Any CPU
		{4123DB0C-4799-461E-9E09-3738777C2DD6}.Debug|Any CPU.Build.0 = Debug|Any CPU
		{4123DB0C-4799-461E-9E09-3738777C2DD6}.Debug|x64.ActiveCfg = Debug|Any CPU
		{4123DB0C-4799-461E-9E09-3738777C2DD6}.Debug|x64.Build.0 = Debug|Any CPU
		{4123DB0C-4799-461E-9E09-3738777C2DD6}.Debug|x86.ActiveCfg = Debug|Any CPU
		{4123DB0C-4799-461E-9E09-3738777C2DD6}.Debug|x86.Build.0 = Debug|Any CPU
		{4123DB0C-4799-461E-9E09-3738777C2DD6}.Release|Any CPU.ActiveCfg = Release|Any CPU
		{4123DB0C-4799-461E-9E09-3738777C2DD6}.Release|Any CPU.Build.0 = Release|Any CPU
		{4123DB0C-4799-461E-9E09-3738777C2DD6}.Release|x64.ActiveCfg = Release|Any CPU
		{4123DB0C-4799-461E-9E09-3738777C2DD6}.Release|x64.Build.0 = Release|Any CPU
		{4123DB0C-4799-461E-9E09-3738777C2DD6}.Release|x86.ActiveCfg = Release|Any CPU
		{4123DB0C-4799-461E-9E09-3738777C2DD6}.Release|x86.Build.0 = Release|Any CPU
		{987E464F-92D0-4156-9E4B-9E27EE63931E}.Debug|Any CPU.ActiveCfg = Debug|Any CPU
		{987E464F-92D0-4156-9E4B-9E27EE63931E}.Debug|Any CPU.Build.0 = Debug|Any CPU
		{987E464F-92D0-4156-9E4B-9E27EE63931E}.Debug|x64.ActiveCfg = Debug|Any CPU
		{987E464F-92D0-4156-9E4B-9E27EE63931E}.Debug|x64.Build.0 = Debug|Any CPU
		{987E464F-92D0-4156-9E4B-9E27EE63931E}.Debug|x86.ActiveCfg = Debug|Any CPU
		{987E464F-92D0-4156-9E4B-9E27EE63931E}.Debug|x86.Build.0 = Debug|Any CPU
		{987E464F-92D0-4156-9E4B-9E27EE63931E}.Release|Any CPU.ActiveCfg = Release|Any CPU
		{987E464F-92D0-4156-9E4B-9E27EE63931E}.Release|Any CPU.Build.0 = Release|Any CPU
		{987E464F-92D0-4156-9E4B-9E27EE63931E}.Release|x64.ActiveCfg = Release|Any CPU
		{987E464F-92D0-4156-9E4B-9E27EE63931E}.Release|x64.Build.0 = Release|Any CPU
		{987E464F-92D0-4156-9E4B-9E27EE63931E}.Release|x86.ActiveCfg = Release|Any CPU
		{987E464F-92D0-4156-9E4B-9E27EE63931E}.Release|x86.Build.0 = Release|Any CPU
		{014A6975-D9A4-48DC-943B-2B461FA2EE64}.Debug|Any CPU.ActiveCfg = Debug|Any CPU
		{014A6975-D9A4-48DC-943B-2B461FA2EE64}.Debug|Any CPU.Build.0 = Debug|Any CPU
		{014A6975-D9A4-48DC-943B-2B461FA2EE64}.Debug|x64.ActiveCfg = Debug|Any CPU
		{014A6975-D9A4-48DC-943B-2B461FA2EE64}.Debug|x64.Build.0 = Debug|Any CPU
		{014A6975-D9A4-48DC-943B-2B461FA2EE64}.Debug|x86.ActiveCfg = Debug|Any CPU
		{014A6975-D9A4-48DC-943B-2B461FA2EE64}.Debug|x86.Build.0 = Debug|Any CPU
		{014A6975-D9A4-48DC-943B-2B461FA2EE64}.Release|Any CPU.ActiveCfg = Release|Any CPU
		{014A6975-D9A4-48DC-943B-2B461FA2EE64}.Release|Any CPU.Build.0 = Release|Any CPU
		{014A6975-D9A4-48DC-943B-2B461FA2EE64}.Release|x64.ActiveCfg = Release|Any CPU
		{014A6975-D9A4-48DC-943B-2B461FA2EE64}.Release|x64.Build.0 = Release|Any CPU
		{014A6975-D9A4-48DC-943B-2B461FA2EE64}.Release|x86.ActiveCfg = Release|Any CPU
		{014A6975-D9A4-48DC-943B-2B461FA2EE64}.Release|x86.Build.0 = Release|Any CPU
		{91BFCAA2-1F64-4D2D-A0CC-3DA6DDFE454C}.Debug|Any CPU.ActiveCfg = Debug|Any CPU
		{91BFCAA2-1F64-4D2D-A0CC-3DA6DDFE454C}.Debug|Any CPU.Build.0 = Debug|Any CPU
		{91BFCAA2-1F64-4D2D-A0CC-3DA6DDFE454C}.Debug|x64.ActiveCfg = Debug|Any CPU
		{91BFCAA2-1F64-4D2D-A0CC-3DA6DDFE454C}.Debug|x64.Build.0 = Debug|Any CPU
		{91BFCAA2-1F64-4D2D-A0CC-3DA6DDFE454C}.Debug|x86.ActiveCfg = Debug|Any CPU
		{91BFCAA2-1F64-4D2D-A0CC-3DA6DDFE454C}.Debug|x86.Build.0 = Debug|Any CPU
		{91BFCAA2-1F64-4D2D-A0CC-3DA6DDFE454C}.Release|Any CPU.ActiveCfg = Release|Any CPU
		{91BFCAA2-1F64-4D2D-A0CC-3DA6DDFE454C}.Release|Any CPU.Build.0 = Release|Any CPU
		{91BFCAA2-1F64-4D2D-A0CC-3DA6DDFE454C}.Release|x64.ActiveCfg = Release|Any CPU
		{91BFCAA2-1F64-4D2D-A0CC-3DA6DDFE454C}.Release|x64.Build.0 = Release|Any CPU
		{91BFCAA2-1F64-4D2D-A0CC-3DA6DDFE454C}.Release|x86.ActiveCfg = Release|Any CPU
		{91BFCAA2-1F64-4D2D-A0CC-3DA6DDFE454C}.Release|x86.Build.0 = Release|Any CPU
		{D7B728A9-22A4-4B2C-AE43-93F4D48E5D61}.Debug|Any CPU.ActiveCfg = Debug|Any CPU
		{D7B728A9-22A4-4B2C-AE43-93F4D48E5D61}.Debug|Any CPU.Build.0 = Debug|Any CPU
		{D7B728A9-22A4-4B2C-AE43-93F4D48E5D61}.Debug|x64.ActiveCfg = Debug|Any CPU
		{D7B728A9-22A4-4B2C-AE43-93F4D48E5D61}.Debug|x64.Build.0 = Debug|Any CPU
		{D7B728A9-22A4-4B2C-AE43-93F4D48E5D61}.Debug|x86.ActiveCfg = Debug|Any CPU
		{D7B728A9-22A4-4B2C-AE43-93F4D48E5D61}.Debug|x86.Build.0 = Debug|Any CPU
		{D7B728A9-22A4-4B2C-AE43-93F4D48E5D61}.Release|Any CPU.ActiveCfg = Release|Any CPU
		{D7B728A9-22A4-4B2C-AE43-93F4D48E5D61}.Release|Any CPU.Build.0 = Release|Any CPU
		{D7B728A9-22A4-4B2C-AE43-93F4D48E5D61}.Release|x64.ActiveCfg = Release|Any CPU
		{D7B728A9-22A4-4B2C-AE43-93F4D48E5D61}.Release|x64.Build.0 = Release|Any CPU
		{D7B728A9-22A4-4B2C-AE43-93F4D48E5D61}.Release|x86.ActiveCfg = Release|Any CPU
		{D7B728A9-22A4-4B2C-AE43-93F4D48E5D61}.Release|x86.Build.0 = Release|Any CPU
		{81050703-B15A-4C8F-90ED-8CDD2A45F175}.Debug|Any CPU.ActiveCfg = Debug|Any CPU
		{81050703-B15A-4C8F-90ED-8CDD2A45F175}.Debug|Any CPU.Build.0 = Debug|Any CPU
		{81050703-B15A-4C8F-90ED-8CDD2A45F175}.Debug|x64.ActiveCfg = Debug|Any CPU
		{81050703-B15A-4C8F-90ED-8CDD2A45F175}.Debug|x64.Build.0 = Debug|Any CPU
		{81050703-B15A-4C8F-90ED-8CDD2A45F175}.Debug|x86.ActiveCfg = Debug|Any CPU
		{81050703-B15A-4C8F-90ED-8CDD2A45F175}.Debug|x86.Build.0 = Debug|Any CPU
		{81050703-B15A-4C8F-90ED-8CDD2A45F175}.Release|Any CPU.ActiveCfg = Release|Any CPU
		{81050703-B15A-4C8F-90ED-8CDD2A45F175}.Release|Any CPU.Build.0 = Release|Any CPU
		{81050703-B15A-4C8F-90ED-8CDD2A45F175}.Release|x64.ActiveCfg = Release|Any CPU
		{81050703-B15A-4C8F-90ED-8CDD2A45F175}.Release|x64.Build.0 = Release|Any CPU
		{81050703-B15A-4C8F-90ED-8CDD2A45F175}.Release|x86.ActiveCfg = Release|Any CPU
		{81050703-B15A-4C8F-90ED-8CDD2A45F175}.Release|x86.Build.0 = Release|Any CPU
		{103E84D0-6C48-4D92-BF49-5D233B72AFED}.Debug|Any CPU.ActiveCfg = Debug|Any CPU
		{103E84D0-6C48-4D92-BF49-5D233B72AFED}.Debug|Any CPU.Build.0 = Debug|Any CPU
		{103E84D0-6C48-4D92-BF49-5D233B72AFED}.Debug|x64.ActiveCfg = Debug|Any CPU
		{103E84D0-6C48-4D92-BF49-5D233B72AFED}.Debug|x64.Build.0 = Debug|Any CPU
		{103E84D0-6C48-4D92-BF49-5D233B72AFED}.Debug|x86.ActiveCfg = Debug|Any CPU
		{103E84D0-6C48-4D92-BF49-5D233B72AFED}.Debug|x86.Build.0 = Debug|Any CPU
		{103E84D0-6C48-4D92-BF49-5D233B72AFED}.Release|Any CPU.ActiveCfg = Release|Any CPU
		{103E84D0-6C48-4D92-BF49-5D233B72AFED}.Release|Any CPU.Build.0 = Release|Any CPU
		{103E84D0-6C48-4D92-BF49-5D233B72AFED}.Release|x64.ActiveCfg = Release|Any CPU
		{103E84D0-6C48-4D92-BF49-5D233B72AFED}.Release|x64.Build.0 = Release|Any CPU
		{103E84D0-6C48-4D92-BF49-5D233B72AFED}.Release|x86.ActiveCfg = Release|Any CPU
		{103E84D0-6C48-4D92-BF49-5D233B72AFED}.Release|x86.Build.0 = Release|Any CPU
		{8C6E9F73-0ACA-407D-AE1C-0C477DC80C49}.Debug|Any CPU.ActiveCfg = Debug|Any CPU
		{8C6E9F73-0ACA-407D-AE1C-0C477DC80C49}.Debug|Any CPU.Build.0 = Debug|Any CPU
		{8C6E9F73-0ACA-407D-AE1C-0C477DC80C49}.Debug|x64.ActiveCfg = Debug|Any CPU
		{8C6E9F73-0ACA-407D-AE1C-0C477DC80C49}.Debug|x64.Build.0 = Debug|Any CPU
		{8C6E9F73-0ACA-407D-AE1C-0C477DC80C49}.Debug|x86.ActiveCfg = Debug|Any CPU
		{8C6E9F73-0ACA-407D-AE1C-0C477DC80C49}.Debug|x86.Build.0 = Debug|Any CPU
		{8C6E9F73-0ACA-407D-AE1C-0C477DC80C49}.Release|Any CPU.ActiveCfg = Release|Any CPU
		{8C6E9F73-0ACA-407D-AE1C-0C477DC80C49}.Release|Any CPU.Build.0 = Release|Any CPU
		{8C6E9F73-0ACA-407D-AE1C-0C477DC80C49}.Release|x64.ActiveCfg = Release|Any CPU
		{8C6E9F73-0ACA-407D-AE1C-0C477DC80C49}.Release|x64.Build.0 = Release|Any CPU
		{8C6E9F73-0ACA-407D-AE1C-0C477DC80C49}.Release|x86.ActiveCfg = Release|Any CPU
		{8C6E9F73-0ACA-407D-AE1C-0C477DC80C49}.Release|x86.Build.0 = Release|Any CPU
		{94CCC92C-44C2-4923-B1A2-0BED63DD9734}.Debug|Any CPU.ActiveCfg = Debug|Any CPU
		{94CCC92C-44C2-4923-B1A2-0BED63DD9734}.Debug|Any CPU.Build.0 = Debug|Any CPU
		{94CCC92C-44C2-4923-B1A2-0BED63DD9734}.Debug|x64.ActiveCfg = Debug|Any CPU
		{94CCC92C-44C2-4923-B1A2-0BED63DD9734}.Debug|x64.Build.0 = Debug|Any CPU
		{94CCC92C-44C2-4923-B1A2-0BED63DD9734}.Debug|x86.ActiveCfg = Debug|Any CPU
		{94CCC92C-44C2-4923-B1A2-0BED63DD9734}.Debug|x86.Build.0 = Debug|Any CPU
		{94CCC92C-44C2-4923-B1A2-0BED63DD9734}.Release|Any CPU.ActiveCfg = Release|Any CPU
		{94CCC92C-44C2-4923-B1A2-0BED63DD9734}.Release|Any CPU.Build.0 = Release|Any CPU
		{94CCC92C-44C2-4923-B1A2-0BED63DD9734}.Release|x64.ActiveCfg = Release|Any CPU
		{94CCC92C-44C2-4923-B1A2-0BED63DD9734}.Release|x64.Build.0 = Release|Any CPU
		{94CCC92C-44C2-4923-B1A2-0BED63DD9734}.Release|x86.ActiveCfg = Release|Any CPU
		{94CCC92C-44C2-4923-B1A2-0BED63DD9734}.Release|x86.Build.0 = Release|Any CPU
		{96F1A3E7-C25F-4A87-AD0D-3766217EE7F1}.Debug|Any CPU.ActiveCfg = Debug|Any CPU
		{96F1A3E7-C25F-4A87-AD0D-3766217EE7F1}.Debug|Any CPU.Build.0 = Debug|Any CPU
		{96F1A3E7-C25F-4A87-AD0D-3766217EE7F1}.Debug|x64.ActiveCfg = Debug|Any CPU
		{96F1A3E7-C25F-4A87-AD0D-3766217EE7F1}.Debug|x64.Build.0 = Debug|Any CPU
		{96F1A3E7-C25F-4A87-AD0D-3766217EE7F1}.Debug|x86.ActiveCfg = Debug|Any CPU
		{96F1A3E7-C25F-4A87-AD0D-3766217EE7F1}.Debug|x86.Build.0 = Debug|Any CPU
		{96F1A3E7-C25F-4A87-AD0D-3766217EE7F1}.Release|Any CPU.ActiveCfg = Release|Any CPU
		{96F1A3E7-C25F-4A87-AD0D-3766217EE7F1}.Release|Any CPU.Build.0 = Release|Any CPU
		{96F1A3E7-C25F-4A87-AD0D-3766217EE7F1}.Release|x64.ActiveCfg = Release|Any CPU
		{96F1A3E7-C25F-4A87-AD0D-3766217EE7F1}.Release|x64.Build.0 = Release|Any CPU
		{96F1A3E7-C25F-4A87-AD0D-3766217EE7F1}.Release|x86.ActiveCfg = Release|Any CPU
		{96F1A3E7-C25F-4A87-AD0D-3766217EE7F1}.Release|x86.Build.0 = Release|Any CPU
		{346A6CE4-109D-490F-84DC-60B0C129FBB4}.Debug|Any CPU.ActiveCfg = Debug|Any CPU
		{346A6CE4-109D-490F-84DC-60B0C129FBB4}.Debug|Any CPU.Build.0 = Debug|Any CPU
		{346A6CE4-109D-490F-84DC-60B0C129FBB4}.Debug|x64.ActiveCfg = Debug|Any CPU
		{346A6CE4-109D-490F-84DC-60B0C129FBB4}.Debug|x64.Build.0 = Debug|Any CPU
		{346A6CE4-109D-490F-84DC-60B0C129FBB4}.Debug|x86.ActiveCfg = Debug|Any CPU
		{346A6CE4-109D-490F-84DC-60B0C129FBB4}.Debug|x86.Build.0 = Debug|Any CPU
		{346A6CE4-109D-490F-84DC-60B0C129FBB4}.Release|Any CPU.ActiveCfg = Release|Any CPU
		{346A6CE4-109D-490F-84DC-60B0C129FBB4}.Release|Any CPU.Build.0 = Release|Any CPU
		{346A6CE4-109D-490F-84DC-60B0C129FBB4}.Release|x64.ActiveCfg = Release|Any CPU
		{346A6CE4-109D-490F-84DC-60B0C129FBB4}.Release|x64.Build.0 = Release|Any CPU
		{346A6CE4-109D-490F-84DC-60B0C129FBB4}.Release|x86.ActiveCfg = Release|Any CPU
		{346A6CE4-109D-490F-84DC-60B0C129FBB4}.Release|x86.Build.0 = Release|Any CPU
		{EA8FB14E-1497-48A6-8F13-70F56054A1C5}.Debug|Any CPU.ActiveCfg = Debug|Any CPU
		{EA8FB14E-1497-48A6-8F13-70F56054A1C5}.Debug|Any CPU.Build.0 = Debug|Any CPU
		{EA8FB14E-1497-48A6-8F13-70F56054A1C5}.Debug|x64.ActiveCfg = Debug|Any CPU
		{EA8FB14E-1497-48A6-8F13-70F56054A1C5}.Debug|x64.Build.0 = Debug|Any CPU
		{EA8FB14E-1497-48A6-8F13-70F56054A1C5}.Debug|x86.ActiveCfg = Debug|Any CPU
		{EA8FB14E-1497-48A6-8F13-70F56054A1C5}.Debug|x86.Build.0 = Debug|Any CPU
		{EA8FB14E-1497-48A6-8F13-70F56054A1C5}.Release|Any CPU.ActiveCfg = Release|Any CPU
		{EA8FB14E-1497-48A6-8F13-70F56054A1C5}.Release|Any CPU.Build.0 = Release|Any CPU
		{EA8FB14E-1497-48A6-8F13-70F56054A1C5}.Release|x64.ActiveCfg = Release|Any CPU
		{EA8FB14E-1497-48A6-8F13-70F56054A1C5}.Release|x64.Build.0 = Release|Any CPU
		{EA8FB14E-1497-48A6-8F13-70F56054A1C5}.Release|x86.ActiveCfg = Release|Any CPU
		{EA8FB14E-1497-48A6-8F13-70F56054A1C5}.Release|x86.Build.0 = Release|Any CPU
		{AD7713B2-0DEA-4427-A099-0A5736C66F8B}.Debug|Any CPU.ActiveCfg = Debug|Any CPU
		{AD7713B2-0DEA-4427-A099-0A5736C66F8B}.Debug|Any CPU.Build.0 = Debug|Any CPU
		{AD7713B2-0DEA-4427-A099-0A5736C66F8B}.Debug|x64.ActiveCfg = Debug|Any CPU
		{AD7713B2-0DEA-4427-A099-0A5736C66F8B}.Debug|x64.Build.0 = Debug|Any CPU
		{AD7713B2-0DEA-4427-A099-0A5736C66F8B}.Debug|x86.ActiveCfg = Debug|Any CPU
		{AD7713B2-0DEA-4427-A099-0A5736C66F8B}.Debug|x86.Build.0 = Debug|Any CPU
		{AD7713B2-0DEA-4427-A099-0A5736C66F8B}.Release|Any CPU.ActiveCfg = Release|Any CPU
		{AD7713B2-0DEA-4427-A099-0A5736C66F8B}.Release|Any CPU.Build.0 = Release|Any CPU
		{AD7713B2-0DEA-4427-A099-0A5736C66F8B}.Release|x64.ActiveCfg = Release|Any CPU
		{AD7713B2-0DEA-4427-A099-0A5736C66F8B}.Release|x64.Build.0 = Release|Any CPU
		{AD7713B2-0DEA-4427-A099-0A5736C66F8B}.Release|x86.ActiveCfg = Release|Any CPU
		{AD7713B2-0DEA-4427-A099-0A5736C66F8B}.Release|x86.Build.0 = Release|Any CPU
		{ACF2CFD3-5598-453E-95E4-D27B05C41EA7}.Debug|Any CPU.ActiveCfg = Debug|Any CPU
		{ACF2CFD3-5598-453E-95E4-D27B05C41EA7}.Debug|Any CPU.Build.0 = Debug|Any CPU
		{ACF2CFD3-5598-453E-95E4-D27B05C41EA7}.Debug|x64.ActiveCfg = Debug|Any CPU
		{ACF2CFD3-5598-453E-95E4-D27B05C41EA7}.Debug|x64.Build.0 = Debug|Any CPU
		{ACF2CFD3-5598-453E-95E4-D27B05C41EA7}.Debug|x86.ActiveCfg = Debug|Any CPU
		{ACF2CFD3-5598-453E-95E4-D27B05C41EA7}.Debug|x86.Build.0 = Debug|Any CPU
		{ACF2CFD3-5598-453E-95E4-D27B05C41EA7}.Release|Any CPU.ActiveCfg = Release|Any CPU
		{ACF2CFD3-5598-453E-95E4-D27B05C41EA7}.Release|Any CPU.Build.0 = Release|Any CPU
		{ACF2CFD3-5598-453E-95E4-D27B05C41EA7}.Release|x64.ActiveCfg = Release|Any CPU
		{ACF2CFD3-5598-453E-95E4-D27B05C41EA7}.Release|x64.Build.0 = Release|Any CPU
		{ACF2CFD3-5598-453E-95E4-D27B05C41EA7}.Release|x86.ActiveCfg = Release|Any CPU
		{ACF2CFD3-5598-453E-95E4-D27B05C41EA7}.Release|x86.Build.0 = Release|Any CPU
		{F2A59771-F8A6-4FA7-AB0B-AD1240ACBD1E}.Debug|Any CPU.ActiveCfg = Debug|Any CPU
		{F2A59771-F8A6-4FA7-AB0B-AD1240ACBD1E}.Debug|Any CPU.Build.0 = Debug|Any CPU
		{F2A59771-F8A6-4FA7-AB0B-AD1240ACBD1E}.Debug|x64.ActiveCfg = Debug|Any CPU
		{F2A59771-F8A6-4FA7-AB0B-AD1240ACBD1E}.Debug|x64.Build.0 = Debug|Any CPU
		{F2A59771-F8A6-4FA7-AB0B-AD1240ACBD1E}.Debug|x86.ActiveCfg = Debug|Any CPU
		{F2A59771-F8A6-4FA7-AB0B-AD1240ACBD1E}.Debug|x86.Build.0 = Debug|Any CPU
		{F2A59771-F8A6-4FA7-AB0B-AD1240ACBD1E}.Release|Any CPU.ActiveCfg = Release|Any CPU
		{F2A59771-F8A6-4FA7-AB0B-AD1240ACBD1E}.Release|Any CPU.Build.0 = Release|Any CPU
		{F2A59771-F8A6-4FA7-AB0B-AD1240ACBD1E}.Release|x64.ActiveCfg = Release|Any CPU
		{F2A59771-F8A6-4FA7-AB0B-AD1240ACBD1E}.Release|x64.Build.0 = Release|Any CPU
		{F2A59771-F8A6-4FA7-AB0B-AD1240ACBD1E}.Release|x86.ActiveCfg = Release|Any CPU
		{F2A59771-F8A6-4FA7-AB0B-AD1240ACBD1E}.Release|x86.Build.0 = Release|Any CPU
		{8AB2344B-11FE-48AB-A140-DAE0B2FB8E0F}.Debug|Any CPU.ActiveCfg = Debug|Any CPU
		{8AB2344B-11FE-48AB-A140-DAE0B2FB8E0F}.Debug|Any CPU.Build.0 = Debug|Any CPU
		{8AB2344B-11FE-48AB-A140-DAE0B2FB8E0F}.Debug|x64.ActiveCfg = Debug|Any CPU
		{8AB2344B-11FE-48AB-A140-DAE0B2FB8E0F}.Debug|x64.Build.0 = Debug|Any CPU
		{8AB2344B-11FE-48AB-A140-DAE0B2FB8E0F}.Debug|x86.ActiveCfg = Debug|Any CPU
		{8AB2344B-11FE-48AB-A140-DAE0B2FB8E0F}.Debug|x86.Build.0 = Debug|Any CPU
		{8AB2344B-11FE-48AB-A140-DAE0B2FB8E0F}.Release|Any CPU.ActiveCfg = Release|Any CPU
		{8AB2344B-11FE-48AB-A140-DAE0B2FB8E0F}.Release|Any CPU.Build.0 = Release|Any CPU
		{8AB2344B-11FE-48AB-A140-DAE0B2FB8E0F}.Release|x64.ActiveCfg = Release|Any CPU
		{8AB2344B-11FE-48AB-A140-DAE0B2FB8E0F}.Release|x64.Build.0 = Release|Any CPU
		{8AB2344B-11FE-48AB-A140-DAE0B2FB8E0F}.Release|x86.ActiveCfg = Release|Any CPU
		{8AB2344B-11FE-48AB-A140-DAE0B2FB8E0F}.Release|x86.Build.0 = Release|Any CPU
		{CE21EE84-9ED6-4F1B-97B8-5DB0BCE88787}.Debug|Any CPU.ActiveCfg = Debug|Any CPU
		{CE21EE84-9ED6-4F1B-97B8-5DB0BCE88787}.Debug|Any CPU.Build.0 = Debug|Any CPU
		{CE21EE84-9ED6-4F1B-97B8-5DB0BCE88787}.Debug|x64.ActiveCfg = Debug|Any CPU
		{CE21EE84-9ED6-4F1B-97B8-5DB0BCE88787}.Debug|x64.Build.0 = Debug|Any CPU
		{CE21EE84-9ED6-4F1B-97B8-5DB0BCE88787}.Debug|x86.ActiveCfg = Debug|Any CPU
		{CE21EE84-9ED6-4F1B-97B8-5DB0BCE88787}.Debug|x86.Build.0 = Debug|Any CPU
		{CE21EE84-9ED6-4F1B-97B8-5DB0BCE88787}.Release|Any CPU.ActiveCfg = Release|Any CPU
		{CE21EE84-9ED6-4F1B-97B8-5DB0BCE88787}.Release|Any CPU.Build.0 = Release|Any CPU
		{CE21EE84-9ED6-4F1B-97B8-5DB0BCE88787}.Release|x64.ActiveCfg = Release|Any CPU
		{CE21EE84-9ED6-4F1B-97B8-5DB0BCE88787}.Release|x64.Build.0 = Release|Any CPU
		{CE21EE84-9ED6-4F1B-97B8-5DB0BCE88787}.Release|x86.ActiveCfg = Release|Any CPU
		{CE21EE84-9ED6-4F1B-97B8-5DB0BCE88787}.Release|x86.Build.0 = Release|Any CPU
		{1A343A43-5B4E-43FA-8CFD-1E6D32FD1C09}.Debug|Any CPU.ActiveCfg = Debug|Any CPU
		{1A343A43-5B4E-43FA-8CFD-1E6D32FD1C09}.Debug|Any CPU.Build.0 = Debug|Any CPU
		{1A343A43-5B4E-43FA-8CFD-1E6D32FD1C09}.Debug|x64.ActiveCfg = Debug|Any CPU
		{1A343A43-5B4E-43FA-8CFD-1E6D32FD1C09}.Debug|x64.Build.0 = Debug|Any CPU
		{1A343A43-5B4E-43FA-8CFD-1E6D32FD1C09}.Debug|x86.ActiveCfg = Debug|Any CPU
		{1A343A43-5B4E-43FA-8CFD-1E6D32FD1C09}.Debug|x86.Build.0 = Debug|Any CPU
		{1A343A43-5B4E-43FA-8CFD-1E6D32FD1C09}.Release|Any CPU.ActiveCfg = Release|Any CPU
		{1A343A43-5B4E-43FA-8CFD-1E6D32FD1C09}.Release|Any CPU.Build.0 = Release|Any CPU
		{1A343A43-5B4E-43FA-8CFD-1E6D32FD1C09}.Release|x64.ActiveCfg = Release|Any CPU
		{1A343A43-5B4E-43FA-8CFD-1E6D32FD1C09}.Release|x64.Build.0 = Release|Any CPU
		{1A343A43-5B4E-43FA-8CFD-1E6D32FD1C09}.Release|x86.ActiveCfg = Release|Any CPU
		{1A343A43-5B4E-43FA-8CFD-1E6D32FD1C09}.Release|x86.Build.0 = Release|Any CPU
		{860E69A8-0E3A-4563-AFB7-E8A6DA577701}.Debug|Any CPU.ActiveCfg = Debug|Any CPU
		{860E69A8-0E3A-4563-AFB7-E8A6DA577701}.Debug|Any CPU.Build.0 = Debug|Any CPU
		{860E69A8-0E3A-4563-AFB7-E8A6DA577701}.Debug|x64.ActiveCfg = Debug|Any CPU
		{860E69A8-0E3A-4563-AFB7-E8A6DA577701}.Debug|x64.Build.0 = Debug|Any CPU
		{860E69A8-0E3A-4563-AFB7-E8A6DA577701}.Debug|x86.ActiveCfg = Debug|Any CPU
		{860E69A8-0E3A-4563-AFB7-E8A6DA577701}.Debug|x86.Build.0 = Debug|Any CPU
		{860E69A8-0E3A-4563-AFB7-E8A6DA577701}.Release|Any CPU.ActiveCfg = Release|Any CPU
		{860E69A8-0E3A-4563-AFB7-E8A6DA577701}.Release|Any CPU.Build.0 = Release|Any CPU
		{860E69A8-0E3A-4563-AFB7-E8A6DA577701}.Release|x64.ActiveCfg = Release|Any CPU
		{860E69A8-0E3A-4563-AFB7-E8A6DA577701}.Release|x64.Build.0 = Release|Any CPU
		{860E69A8-0E3A-4563-AFB7-E8A6DA577701}.Release|x86.ActiveCfg = Release|Any CPU
		{860E69A8-0E3A-4563-AFB7-E8A6DA577701}.Release|x86.Build.0 = Release|Any CPU
		{DB5FE1F3-4223-4B70-8F9E-90F8A6E22974}.Debug|Any CPU.ActiveCfg = Debug|Any CPU
		{DB5FE1F3-4223-4B70-8F9E-90F8A6E22974}.Debug|Any CPU.Build.0 = Debug|Any CPU
		{DB5FE1F3-4223-4B70-8F9E-90F8A6E22974}.Debug|x64.ActiveCfg = Debug|Any CPU
		{DB5FE1F3-4223-4B70-8F9E-90F8A6E22974}.Debug|x64.Build.0 = Debug|Any CPU
		{DB5FE1F3-4223-4B70-8F9E-90F8A6E22974}.Debug|x86.ActiveCfg = Debug|Any CPU
		{DB5FE1F3-4223-4B70-8F9E-90F8A6E22974}.Debug|x86.Build.0 = Debug|Any CPU
		{DB5FE1F3-4223-4B70-8F9E-90F8A6E22974}.Release|Any CPU.ActiveCfg = Release|Any CPU
		{DB5FE1F3-4223-4B70-8F9E-90F8A6E22974}.Release|Any CPU.Build.0 = Release|Any CPU
		{DB5FE1F3-4223-4B70-8F9E-90F8A6E22974}.Release|x64.ActiveCfg = Release|Any CPU
		{DB5FE1F3-4223-4B70-8F9E-90F8A6E22974}.Release|x64.Build.0 = Release|Any CPU
		{DB5FE1F3-4223-4B70-8F9E-90F8A6E22974}.Release|x86.ActiveCfg = Release|Any CPU
		{DB5FE1F3-4223-4B70-8F9E-90F8A6E22974}.Release|x86.Build.0 = Release|Any CPU
		{48B98A58-B179-4D1E-AF91-DC1C30F196FF}.Debug|Any CPU.ActiveCfg = Debug|Any CPU
		{48B98A58-B179-4D1E-AF91-DC1C30F196FF}.Debug|Any CPU.Build.0 = Debug|Any CPU
		{48B98A58-B179-4D1E-AF91-DC1C30F196FF}.Debug|x64.ActiveCfg = Debug|Any CPU
		{48B98A58-B179-4D1E-AF91-DC1C30F196FF}.Debug|x64.Build.0 = Debug|Any CPU
		{48B98A58-B179-4D1E-AF91-DC1C30F196FF}.Debug|x86.ActiveCfg = Debug|Any CPU
		{48B98A58-B179-4D1E-AF91-DC1C30F196FF}.Debug|x86.Build.0 = Debug|Any CPU
		{48B98A58-B179-4D1E-AF91-DC1C30F196FF}.Release|Any CPU.ActiveCfg = Release|Any CPU
		{48B98A58-B179-4D1E-AF91-DC1C30F196FF}.Release|Any CPU.Build.0 = Release|Any CPU
		{48B98A58-B179-4D1E-AF91-DC1C30F196FF}.Release|x64.ActiveCfg = Release|Any CPU
		{48B98A58-B179-4D1E-AF91-DC1C30F196FF}.Release|x64.Build.0 = Release|Any CPU
		{48B98A58-B179-4D1E-AF91-DC1C30F196FF}.Release|x86.ActiveCfg = Release|Any CPU
		{48B98A58-B179-4D1E-AF91-DC1C30F196FF}.Release|x86.Build.0 = Release|Any CPU
		{10DB4D5D-F8D1-4132-9E53-F4ED9C9ACA0D}.Debug|Any CPU.ActiveCfg = Debug|Any CPU
		{10DB4D5D-F8D1-4132-9E53-F4ED9C9ACA0D}.Debug|Any CPU.Build.0 = Debug|Any CPU
		{10DB4D5D-F8D1-4132-9E53-F4ED9C9ACA0D}.Debug|x64.ActiveCfg = Debug|Any CPU
		{10DB4D5D-F8D1-4132-9E53-F4ED9C9ACA0D}.Debug|x64.Build.0 = Debug|Any CPU
		{10DB4D5D-F8D1-4132-9E53-F4ED9C9ACA0D}.Debug|x86.ActiveCfg = Debug|Any CPU
		{10DB4D5D-F8D1-4132-9E53-F4ED9C9ACA0D}.Debug|x86.Build.0 = Debug|Any CPU
		{10DB4D5D-F8D1-4132-9E53-F4ED9C9ACA0D}.Release|Any CPU.ActiveCfg = Release|Any CPU
		{10DB4D5D-F8D1-4132-9E53-F4ED9C9ACA0D}.Release|Any CPU.Build.0 = Release|Any CPU
		{10DB4D5D-F8D1-4132-9E53-F4ED9C9ACA0D}.Release|x64.ActiveCfg = Release|Any CPU
		{10DB4D5D-F8D1-4132-9E53-F4ED9C9ACA0D}.Release|x64.Build.0 = Release|Any CPU
		{10DB4D5D-F8D1-4132-9E53-F4ED9C9ACA0D}.Release|x86.ActiveCfg = Release|Any CPU
		{10DB4D5D-F8D1-4132-9E53-F4ED9C9ACA0D}.Release|x86.Build.0 = Release|Any CPU
		{713B1F69-DCE6-426D-84BE-A9275D95CDCC}.Debug|Any CPU.ActiveCfg = Debug|Any CPU
		{713B1F69-DCE6-426D-84BE-A9275D95CDCC}.Debug|Any CPU.Build.0 = Debug|Any CPU
		{713B1F69-DCE6-426D-84BE-A9275D95CDCC}.Debug|x64.ActiveCfg = Debug|Any CPU
		{713B1F69-DCE6-426D-84BE-A9275D95CDCC}.Debug|x64.Build.0 = Debug|Any CPU
		{713B1F69-DCE6-426D-84BE-A9275D95CDCC}.Debug|x86.ActiveCfg = Debug|Any CPU
		{713B1F69-DCE6-426D-84BE-A9275D95CDCC}.Debug|x86.Build.0 = Debug|Any CPU
		{713B1F69-DCE6-426D-84BE-A9275D95CDCC}.Release|Any CPU.ActiveCfg = Release|Any CPU
		{713B1F69-DCE6-426D-84BE-A9275D95CDCC}.Release|Any CPU.Build.0 = Release|Any CPU
		{713B1F69-DCE6-426D-84BE-A9275D95CDCC}.Release|x64.ActiveCfg = Release|Any CPU
		{713B1F69-DCE6-426D-84BE-A9275D95CDCC}.Release|x64.Build.0 = Release|Any CPU
		{713B1F69-DCE6-426D-84BE-A9275D95CDCC}.Release|x86.ActiveCfg = Release|Any CPU
		{713B1F69-DCE6-426D-84BE-A9275D95CDCC}.Release|x86.Build.0 = Release|Any CPU
		{27D291F5-E8A6-49EE-9B16-28CB10EA1CE4}.Debug|Any CPU.ActiveCfg = Debug|Any CPU
		{27D291F5-E8A6-49EE-9B16-28CB10EA1CE4}.Debug|Any CPU.Build.0 = Debug|Any CPU
		{27D291F5-E8A6-49EE-9B16-28CB10EA1CE4}.Debug|x64.ActiveCfg = Debug|Any CPU
		{27D291F5-E8A6-49EE-9B16-28CB10EA1CE4}.Debug|x64.Build.0 = Debug|Any CPU
		{27D291F5-E8A6-49EE-9B16-28CB10EA1CE4}.Debug|x86.ActiveCfg = Debug|Any CPU
		{27D291F5-E8A6-49EE-9B16-28CB10EA1CE4}.Debug|x86.Build.0 = Debug|Any CPU
		{27D291F5-E8A6-49EE-9B16-28CB10EA1CE4}.Release|Any CPU.ActiveCfg = Release|Any CPU
		{27D291F5-E8A6-49EE-9B16-28CB10EA1CE4}.Release|Any CPU.Build.0 = Release|Any CPU
		{27D291F5-E8A6-49EE-9B16-28CB10EA1CE4}.Release|x64.ActiveCfg = Release|Any CPU
		{27D291F5-E8A6-49EE-9B16-28CB10EA1CE4}.Release|x64.Build.0 = Release|Any CPU
		{27D291F5-E8A6-49EE-9B16-28CB10EA1CE4}.Release|x86.ActiveCfg = Release|Any CPU
		{27D291F5-E8A6-49EE-9B16-28CB10EA1CE4}.Release|x86.Build.0 = Release|Any CPU
		{A3655B52-6E9D-4398-B84F-C08C4BDEEDCA}.Debug|Any CPU.ActiveCfg = Debug|Any CPU
		{A3655B52-6E9D-4398-B84F-C08C4BDEEDCA}.Debug|Any CPU.Build.0 = Debug|Any CPU
		{A3655B52-6E9D-4398-B84F-C08C4BDEEDCA}.Debug|x64.ActiveCfg = Debug|Any CPU
		{A3655B52-6E9D-4398-B84F-C08C4BDEEDCA}.Debug|x64.Build.0 = Debug|Any CPU
		{A3655B52-6E9D-4398-B84F-C08C4BDEEDCA}.Debug|x86.ActiveCfg = Debug|Any CPU
		{A3655B52-6E9D-4398-B84F-C08C4BDEEDCA}.Debug|x86.Build.0 = Debug|Any CPU
		{A3655B52-6E9D-4398-B84F-C08C4BDEEDCA}.Release|Any CPU.ActiveCfg = Release|Any CPU
		{A3655B52-6E9D-4398-B84F-C08C4BDEEDCA}.Release|Any CPU.Build.0 = Release|Any CPU
		{A3655B52-6E9D-4398-B84F-C08C4BDEEDCA}.Release|x64.ActiveCfg = Release|Any CPU
		{A3655B52-6E9D-4398-B84F-C08C4BDEEDCA}.Release|x64.Build.0 = Release|Any CPU
		{A3655B52-6E9D-4398-B84F-C08C4BDEEDCA}.Release|x86.ActiveCfg = Release|Any CPU
		{A3655B52-6E9D-4398-B84F-C08C4BDEEDCA}.Release|x86.Build.0 = Release|Any CPU
		{CB6468BF-DF04-4FA9-89FC-603B81F88657}.Debug|Any CPU.ActiveCfg = Debug|Any CPU
		{CB6468BF-DF04-4FA9-89FC-603B81F88657}.Debug|Any CPU.Build.0 = Debug|Any CPU
		{CB6468BF-DF04-4FA9-89FC-603B81F88657}.Debug|x64.ActiveCfg = Debug|Any CPU
		{CB6468BF-DF04-4FA9-89FC-603B81F88657}.Debug|x64.Build.0 = Debug|Any CPU
		{CB6468BF-DF04-4FA9-89FC-603B81F88657}.Debug|x86.ActiveCfg = Debug|Any CPU
		{CB6468BF-DF04-4FA9-89FC-603B81F88657}.Debug|x86.Build.0 = Debug|Any CPU
		{CB6468BF-DF04-4FA9-89FC-603B81F88657}.Release|Any CPU.ActiveCfg = Release|Any CPU
		{CB6468BF-DF04-4FA9-89FC-603B81F88657}.Release|Any CPU.Build.0 = Release|Any CPU
		{CB6468BF-DF04-4FA9-89FC-603B81F88657}.Release|x64.ActiveCfg = Release|Any CPU
		{CB6468BF-DF04-4FA9-89FC-603B81F88657}.Release|x64.Build.0 = Release|Any CPU
		{CB6468BF-DF04-4FA9-89FC-603B81F88657}.Release|x86.ActiveCfg = Release|Any CPU
		{CB6468BF-DF04-4FA9-89FC-603B81F88657}.Release|x86.Build.0 = Release|Any CPU
		{51D2D2D4-486E-4772-B1C4-B2E85F751C8C}.Debug|Any CPU.ActiveCfg = Debug|Any CPU
		{51D2D2D4-486E-4772-B1C4-B2E85F751C8C}.Debug|Any CPU.Build.0 = Debug|Any CPU
		{51D2D2D4-486E-4772-B1C4-B2E85F751C8C}.Debug|x64.ActiveCfg = Debug|Any CPU
		{51D2D2D4-486E-4772-B1C4-B2E85F751C8C}.Debug|x64.Build.0 = Debug|Any CPU
		{51D2D2D4-486E-4772-B1C4-B2E85F751C8C}.Debug|x86.ActiveCfg = Debug|Any CPU
		{51D2D2D4-486E-4772-B1C4-B2E85F751C8C}.Debug|x86.Build.0 = Debug|Any CPU
		{51D2D2D4-486E-4772-B1C4-B2E85F751C8C}.Release|Any CPU.ActiveCfg = Release|Any CPU
		{51D2D2D4-486E-4772-B1C4-B2E85F751C8C}.Release|Any CPU.Build.0 = Release|Any CPU
		{51D2D2D4-486E-4772-B1C4-B2E85F751C8C}.Release|x64.ActiveCfg = Release|Any CPU
		{51D2D2D4-486E-4772-B1C4-B2E85F751C8C}.Release|x64.Build.0 = Release|Any CPU
		{51D2D2D4-486E-4772-B1C4-B2E85F751C8C}.Release|x86.ActiveCfg = Release|Any CPU
		{51D2D2D4-486E-4772-B1C4-B2E85F751C8C}.Release|x86.Build.0 = Release|Any CPU
		{D9DE8C48-9F4C-4D65-8B95-90958446899A}.Debug|Any CPU.ActiveCfg = Debug|Any CPU
		{D9DE8C48-9F4C-4D65-8B95-90958446899A}.Debug|Any CPU.Build.0 = Debug|Any CPU
		{D9DE8C48-9F4C-4D65-8B95-90958446899A}.Debug|x64.ActiveCfg = Debug|Any CPU
		{D9DE8C48-9F4C-4D65-8B95-90958446899A}.Debug|x64.Build.0 = Debug|Any CPU
		{D9DE8C48-9F4C-4D65-8B95-90958446899A}.Debug|x86.ActiveCfg = Debug|Any CPU
		{D9DE8C48-9F4C-4D65-8B95-90958446899A}.Debug|x86.Build.0 = Debug|Any CPU
		{D9DE8C48-9F4C-4D65-8B95-90958446899A}.Release|Any CPU.ActiveCfg = Release|Any CPU
		{D9DE8C48-9F4C-4D65-8B95-90958446899A}.Release|Any CPU.Build.0 = Release|Any CPU
		{D9DE8C48-9F4C-4D65-8B95-90958446899A}.Release|x64.ActiveCfg = Release|Any CPU
		{D9DE8C48-9F4C-4D65-8B95-90958446899A}.Release|x64.Build.0 = Release|Any CPU
		{D9DE8C48-9F4C-4D65-8B95-90958446899A}.Release|x86.ActiveCfg = Release|Any CPU
		{D9DE8C48-9F4C-4D65-8B95-90958446899A}.Release|x86.Build.0 = Release|Any CPU
		{CA9B0A22-349B-4445-B6CE-C277F0ACC563}.Debug|Any CPU.ActiveCfg = Debug|Any CPU
		{CA9B0A22-349B-4445-B6CE-C277F0ACC563}.Debug|Any CPU.Build.0 = Debug|Any CPU
		{CA9B0A22-349B-4445-B6CE-C277F0ACC563}.Debug|x64.ActiveCfg = Debug|Any CPU
		{CA9B0A22-349B-4445-B6CE-C277F0ACC563}.Debug|x64.Build.0 = Debug|Any CPU
		{CA9B0A22-349B-4445-B6CE-C277F0ACC563}.Debug|x86.ActiveCfg = Debug|Any CPU
		{CA9B0A22-349B-4445-B6CE-C277F0ACC563}.Debug|x86.Build.0 = Debug|Any CPU
		{CA9B0A22-349B-4445-B6CE-C277F0ACC563}.Release|Any CPU.ActiveCfg = Release|Any CPU
		{CA9B0A22-349B-4445-B6CE-C277F0ACC563}.Release|Any CPU.Build.0 = Release|Any CPU
		{CA9B0A22-349B-4445-B6CE-C277F0ACC563}.Release|x64.ActiveCfg = Release|Any CPU
		{CA9B0A22-349B-4445-B6CE-C277F0ACC563}.Release|x64.Build.0 = Release|Any CPU
		{CA9B0A22-349B-4445-B6CE-C277F0ACC563}.Release|x86.ActiveCfg = Release|Any CPU
		{CA9B0A22-349B-4445-B6CE-C277F0ACC563}.Release|x86.Build.0 = Release|Any CPU
		{F9907AE3-663F-4ABB-9D44-3FC7A87146C8}.Debug|Any CPU.ActiveCfg = Debug|Any CPU
		{F9907AE3-663F-4ABB-9D44-3FC7A87146C8}.Debug|Any CPU.Build.0 = Debug|Any CPU
		{F9907AE3-663F-4ABB-9D44-3FC7A87146C8}.Debug|x64.ActiveCfg = Debug|Any CPU
		{F9907AE3-663F-4ABB-9D44-3FC7A87146C8}.Debug|x64.Build.0 = Debug|Any CPU
		{F9907AE3-663F-4ABB-9D44-3FC7A87146C8}.Debug|x86.ActiveCfg = Debug|Any CPU
		{F9907AE3-663F-4ABB-9D44-3FC7A87146C8}.Debug|x86.Build.0 = Debug|Any CPU
		{F9907AE3-663F-4ABB-9D44-3FC7A87146C8}.Release|Any CPU.ActiveCfg = Release|Any CPU
		{F9907AE3-663F-4ABB-9D44-3FC7A87146C8}.Release|Any CPU.Build.0 = Release|Any CPU
		{F9907AE3-663F-4ABB-9D44-3FC7A87146C8}.Release|x64.ActiveCfg = Release|Any CPU
		{F9907AE3-663F-4ABB-9D44-3FC7A87146C8}.Release|x64.Build.0 = Release|Any CPU
		{F9907AE3-663F-4ABB-9D44-3FC7A87146C8}.Release|x86.ActiveCfg = Release|Any CPU
		{F9907AE3-663F-4ABB-9D44-3FC7A87146C8}.Release|x86.Build.0 = Release|Any CPU
		{A3F56DAD-EE73-4E18-83F0-A620A8600F32}.Debug|Any CPU.ActiveCfg = Debug|Any CPU
		{A3F56DAD-EE73-4E18-83F0-A620A8600F32}.Debug|Any CPU.Build.0 = Debug|Any CPU
		{A3F56DAD-EE73-4E18-83F0-A620A8600F32}.Debug|x64.ActiveCfg = Debug|Any CPU
		{A3F56DAD-EE73-4E18-83F0-A620A8600F32}.Debug|x64.Build.0 = Debug|Any CPU
		{A3F56DAD-EE73-4E18-83F0-A620A8600F32}.Debug|x86.ActiveCfg = Debug|Any CPU
		{A3F56DAD-EE73-4E18-83F0-A620A8600F32}.Debug|x86.Build.0 = Debug|Any CPU
		{A3F56DAD-EE73-4E18-83F0-A620A8600F32}.Release|Any CPU.ActiveCfg = Release|Any CPU
		{A3F56DAD-EE73-4E18-83F0-A620A8600F32}.Release|Any CPU.Build.0 = Release|Any CPU
		{A3F56DAD-EE73-4E18-83F0-A620A8600F32}.Release|x64.ActiveCfg = Release|Any CPU
		{A3F56DAD-EE73-4E18-83F0-A620A8600F32}.Release|x64.Build.0 = Release|Any CPU
		{A3F56DAD-EE73-4E18-83F0-A620A8600F32}.Release|x86.ActiveCfg = Release|Any CPU
		{A3F56DAD-EE73-4E18-83F0-A620A8600F32}.Release|x86.Build.0 = Release|Any CPU
		{EC950BF6-9DDE-47F3-9A8F-C947A1FC8E7F}.Debug|Any CPU.ActiveCfg = Debug|Any CPU
		{EC950BF6-9DDE-47F3-9A8F-C947A1FC8E7F}.Debug|Any CPU.Build.0 = Debug|Any CPU
		{EC950BF6-9DDE-47F3-9A8F-C947A1FC8E7F}.Debug|x64.ActiveCfg = Debug|Any CPU
		{EC950BF6-9DDE-47F3-9A8F-C947A1FC8E7F}.Debug|x64.Build.0 = Debug|Any CPU
		{EC950BF6-9DDE-47F3-9A8F-C947A1FC8E7F}.Debug|x86.ActiveCfg = Debug|Any CPU
		{EC950BF6-9DDE-47F3-9A8F-C947A1FC8E7F}.Debug|x86.Build.0 = Debug|Any CPU
		{EC950BF6-9DDE-47F3-9A8F-C947A1FC8E7F}.Release|Any CPU.ActiveCfg = Release|Any CPU
		{EC950BF6-9DDE-47F3-9A8F-C947A1FC8E7F}.Release|Any CPU.Build.0 = Release|Any CPU
		{EC950BF6-9DDE-47F3-9A8F-C947A1FC8E7F}.Release|x64.ActiveCfg = Release|Any CPU
		{EC950BF6-9DDE-47F3-9A8F-C947A1FC8E7F}.Release|x64.Build.0 = Release|Any CPU
		{EC950BF6-9DDE-47F3-9A8F-C947A1FC8E7F}.Release|x86.ActiveCfg = Release|Any CPU
		{EC950BF6-9DDE-47F3-9A8F-C947A1FC8E7F}.Release|x86.Build.0 = Release|Any CPU
		{8EEAD411-C92C-4339-A29E-72B1C4B10634}.Debug|Any CPU.ActiveCfg = Debug|Any CPU
		{8EEAD411-C92C-4339-A29E-72B1C4B10634}.Debug|Any CPU.Build.0 = Debug|Any CPU
		{8EEAD411-C92C-4339-A29E-72B1C4B10634}.Debug|x64.ActiveCfg = Debug|Any CPU
		{8EEAD411-C92C-4339-A29E-72B1C4B10634}.Debug|x64.Build.0 = Debug|Any CPU
		{8EEAD411-C92C-4339-A29E-72B1C4B10634}.Debug|x86.ActiveCfg = Debug|Any CPU
		{8EEAD411-C92C-4339-A29E-72B1C4B10634}.Debug|x86.Build.0 = Debug|Any CPU
		{8EEAD411-C92C-4339-A29E-72B1C4B10634}.Release|Any CPU.ActiveCfg = Release|Any CPU
		{8EEAD411-C92C-4339-A29E-72B1C4B10634}.Release|Any CPU.Build.0 = Release|Any CPU
		{8EEAD411-C92C-4339-A29E-72B1C4B10634}.Release|x64.ActiveCfg = Release|Any CPU
		{8EEAD411-C92C-4339-A29E-72B1C4B10634}.Release|x64.Build.0 = Release|Any CPU
		{8EEAD411-C92C-4339-A29E-72B1C4B10634}.Release|x86.ActiveCfg = Release|Any CPU
		{8EEAD411-C92C-4339-A29E-72B1C4B10634}.Release|x86.Build.0 = Release|Any CPU
		{6D131190-BF89-441E-8698-0991C4F69E64}.Debug|Any CPU.ActiveCfg = Debug|Any CPU
		{6D131190-BF89-441E-8698-0991C4F69E64}.Debug|Any CPU.Build.0 = Debug|Any CPU
		{6D131190-BF89-441E-8698-0991C4F69E64}.Debug|x64.ActiveCfg = Debug|Any CPU
		{6D131190-BF89-441E-8698-0991C4F69E64}.Debug|x64.Build.0 = Debug|Any CPU
		{6D131190-BF89-441E-8698-0991C4F69E64}.Debug|x86.ActiveCfg = Debug|Any CPU
		{6D131190-BF89-441E-8698-0991C4F69E64}.Debug|x86.Build.0 = Debug|Any CPU
		{6D131190-BF89-441E-8698-0991C4F69E64}.Release|Any CPU.ActiveCfg = Release|Any CPU
		{6D131190-BF89-441E-8698-0991C4F69E64}.Release|Any CPU.Build.0 = Release|Any CPU
		{6D131190-BF89-441E-8698-0991C4F69E64}.Release|x64.ActiveCfg = Release|Any CPU
		{6D131190-BF89-441E-8698-0991C4F69E64}.Release|x64.Build.0 = Release|Any CPU
		{6D131190-BF89-441E-8698-0991C4F69E64}.Release|x86.ActiveCfg = Release|Any CPU
		{6D131190-BF89-441E-8698-0991C4F69E64}.Release|x86.Build.0 = Release|Any CPU
		{1C30C52A-784E-4D6D-8ACC-BCD369EA9FCD}.Debug|Any CPU.ActiveCfg = Debug|Any CPU
		{1C30C52A-784E-4D6D-8ACC-BCD369EA9FCD}.Debug|Any CPU.Build.0 = Debug|Any CPU
		{1C30C52A-784E-4D6D-8ACC-BCD369EA9FCD}.Debug|x64.ActiveCfg = Debug|Any CPU
		{1C30C52A-784E-4D6D-8ACC-BCD369EA9FCD}.Debug|x64.Build.0 = Debug|Any CPU
		{1C30C52A-784E-4D6D-8ACC-BCD369EA9FCD}.Debug|x86.ActiveCfg = Debug|Any CPU
		{1C30C52A-784E-4D6D-8ACC-BCD369EA9FCD}.Debug|x86.Build.0 = Debug|Any CPU
		{1C30C52A-784E-4D6D-8ACC-BCD369EA9FCD}.Release|Any CPU.ActiveCfg = Release|Any CPU
		{1C30C52A-784E-4D6D-8ACC-BCD369EA9FCD}.Release|Any CPU.Build.0 = Release|Any CPU
		{1C30C52A-784E-4D6D-8ACC-BCD369EA9FCD}.Release|x64.ActiveCfg = Release|Any CPU
		{1C30C52A-784E-4D6D-8ACC-BCD369EA9FCD}.Release|x64.Build.0 = Release|Any CPU
		{1C30C52A-784E-4D6D-8ACC-BCD369EA9FCD}.Release|x86.ActiveCfg = Release|Any CPU
		{1C30C52A-784E-4D6D-8ACC-BCD369EA9FCD}.Release|x86.Build.0 = Release|Any CPU
	EndGlobalSection
	GlobalSection(SolutionProperties) = preSolution
		HideSolutionNode = FALSE
	EndGlobalSection
	GlobalSection(NestedProjects) = preSolution
		{446D1B34-438B-4567-8C58-FFA40886C648} = {F806A6E3-AD86-4810-86F5-3EE2C531717F}
		{85B7AC0B-BB66-438B-80B0-ADB9E512F69F} = {F806A6E3-AD86-4810-86F5-3EE2C531717F}
		{37E5D251-3374-443F-98AF-905B9CF627DD} = {85B7AC0B-BB66-438B-80B0-ADB9E512F69F}
		{408AE015-1312-4139-A191-5F34B164F08E} = {85B7AC0B-BB66-438B-80B0-ADB9E512F69F}
		{2741B5C2-618C-46BA-BF97-4365337C8153} = {85B7AC0B-BB66-438B-80B0-ADB9E512F69F}
		{056853E2-57A4-4C33-B065-FECBD0073A26} = {85B7AC0B-BB66-438B-80B0-ADB9E512F69F}
		{A33E87AD-E657-42B4-9115-71BBA2FA1212} = {F806A6E3-AD86-4810-86F5-3EE2C531717F}
		{48FEB21D-DBEF-4686-AF07-9AC8F0AC24B2} = {A33E87AD-E657-42B4-9115-71BBA2FA1212}
		{F2B1413D-CFF9-490F-BDF9-5AEF45C09DA9} = {A33E87AD-E657-42B4-9115-71BBA2FA1212}
		{00B0923A-E40A-44C6-B8C4-61FB4A6002BF} = {A33E87AD-E657-42B4-9115-71BBA2FA1212}
		{D6E0AEAD-BA07-4832-A628-2C32212DC797} = {F806A6E3-AD86-4810-86F5-3EE2C531717F}
		{CC8C34BB-99A4-47C8-A6B4-6EDEFB3C26F8} = {D6E0AEAD-BA07-4832-A628-2C32212DC797}
		{C567B1B7-2C3F-4FC5-BD9C-3F0CBFCB4E2A} = {D6E0AEAD-BA07-4832-A628-2C32212DC797}
		{99940817-284B-4AE2-944F-B0ABE2C0B1E3} = {D6E0AEAD-BA07-4832-A628-2C32212DC797}
		{4123DB0C-4799-461E-9E09-3738777C2DD6} = {99940817-284B-4AE2-944F-B0ABE2C0B1E3}
		{987E464F-92D0-4156-9E4B-9E27EE63931E} = {99940817-284B-4AE2-944F-B0ABE2C0B1E3}
		{9CFC7EE0-B711-4287-8162-B3D1BF165A7F} = {D6E0AEAD-BA07-4832-A628-2C32212DC797}
		{014A6975-D9A4-48DC-943B-2B461FA2EE64} = {9CFC7EE0-B711-4287-8162-B3D1BF165A7F}
		{91BFCAA2-1F64-4D2D-A0CC-3DA6DDFE454C} = {9CFC7EE0-B711-4287-8162-B3D1BF165A7F}
		{D7B728A9-22A4-4B2C-AE43-93F4D48E5D61} = {9CFC7EE0-B711-4287-8162-B3D1BF165A7F}
		{917E4630-97F8-4178-8D1E-C87684E77099} = {D6E0AEAD-BA07-4832-A628-2C32212DC797}
		{81050703-B15A-4C8F-90ED-8CDD2A45F175} = {917E4630-97F8-4178-8D1E-C87684E77099}
		{103E84D0-6C48-4D92-BF49-5D233B72AFED} = {917E4630-97F8-4178-8D1E-C87684E77099}
		{8C6E9F73-0ACA-407D-AE1C-0C477DC80C49} = {917E4630-97F8-4178-8D1E-C87684E77099}
		{46B7028D-954E-4AE6-85D4-83F5DB8C10CB} = {F806A6E3-AD86-4810-86F5-3EE2C531717F}
		{94CCC92C-44C2-4923-B1A2-0BED63DD9734} = {46B7028D-954E-4AE6-85D4-83F5DB8C10CB}
		{96F1A3E7-C25F-4A87-AD0D-3766217EE7F1} = {46B7028D-954E-4AE6-85D4-83F5DB8C10CB}
		{346A6CE4-109D-490F-84DC-60B0C129FBB4} = {46B7028D-954E-4AE6-85D4-83F5DB8C10CB}
		{EA8FB14E-1497-48A6-8F13-70F56054A1C5} = {46B7028D-954E-4AE6-85D4-83F5DB8C10CB}
		{B0257B51-0365-45F7-A032-6F504E3ED533} = {F806A6E3-AD86-4810-86F5-3EE2C531717F}
		{AD7713B2-0DEA-4427-A099-0A5736C66F8B} = {B0257B51-0365-45F7-A032-6F504E3ED533}
		{ACF2CFD3-5598-453E-95E4-D27B05C41EA7} = {B0257B51-0365-45F7-A032-6F504E3ED533}
		{F2A59771-F8A6-4FA7-AB0B-AD1240ACBD1E} = {B0257B51-0365-45F7-A032-6F504E3ED533}
		{107B8129-2077-4CE0-9BD3-7675870D77D7} = {F806A6E3-AD86-4810-86F5-3EE2C531717F}
		{8AB2344B-11FE-48AB-A140-DAE0B2FB8E0F} = {107B8129-2077-4CE0-9BD3-7675870D77D7}
		{CE21EE84-9ED6-4F1B-97B8-5DB0BCE88787} = {107B8129-2077-4CE0-9BD3-7675870D77D7}
		{50D04682-1C22-4DAC-8EF5-6E5B8402A4C9} = {CD7E63E8-34E0-4B86-8B86-12F31B36DF23}
		{1A343A43-5B4E-43FA-8CFD-1E6D32FD1C09} = {50D04682-1C22-4DAC-8EF5-6E5B8402A4C9}
		{860E69A8-0E3A-4563-AFB7-E8A6DA577701} = {50D04682-1C22-4DAC-8EF5-6E5B8402A4C9}
		{21CBD5FC-EF59-4203-B17C-A338DCE4187D} = {CD7E63E8-34E0-4B86-8B86-12F31B36DF23}
		{D6656535-942C-4507-999D-130504F01D86} = {CD7E63E8-34E0-4B86-8B86-12F31B36DF23}
		{40E0A74F-AF0D-4831-92EB-5F5265AB2D25} = {CD7E63E8-34E0-4B86-8B86-12F31B36DF23}
		{52FFCA1C-EDEF-4ACB-B595-E028AAB4D1BB} = {CD7E63E8-34E0-4B86-8B86-12F31B36DF23}
		{161A1616-6DBC-49BE-9FC6-75E0CC42C847} = {52FFCA1C-EDEF-4ACB-B595-E028AAB4D1BB}
		{DA851050-8668-48E3-9611-AB0A600B759C} = {52FFCA1C-EDEF-4ACB-B595-E028AAB4D1BB}
		{3C22E8D6-CCC2-4445-B5F8-8B8468B77141} = {52FFCA1C-EDEF-4ACB-B595-E028AAB4D1BB}
		{89FBE20F-AA5D-4777-9F5D-A62846B60107} = {CD7E63E8-34E0-4B86-8B86-12F31B36DF23}
		{DB5FE1F3-4223-4B70-8F9E-90F8A6E22974} = {89FBE20F-AA5D-4777-9F5D-A62846B60107}
		{48B98A58-B179-4D1E-AF91-DC1C30F196FF} = {89FBE20F-AA5D-4777-9F5D-A62846B60107}
		{10DB4D5D-F8D1-4132-9E53-F4ED9C9ACA0D} = {D6656535-942C-4507-999D-130504F01D86}
		{713B1F69-DCE6-426D-84BE-A9275D95CDCC} = {D6656535-942C-4507-999D-130504F01D86}
		{27D291F5-E8A6-49EE-9B16-28CB10EA1CE4} = {D6656535-942C-4507-999D-130504F01D86}
		{A3655B52-6E9D-4398-B84F-C08C4BDEEDCA} = {40E0A74F-AF0D-4831-92EB-5F5265AB2D25}
		{CB6468BF-DF04-4FA9-89FC-603B81F88657} = {40E0A74F-AF0D-4831-92EB-5F5265AB2D25}
		{51D2D2D4-486E-4772-B1C4-B2E85F751C8C} = {21CBD5FC-EF59-4203-B17C-A338DCE4187D}
		{D9DE8C48-9F4C-4D65-8B95-90958446899A} = {21CBD5FC-EF59-4203-B17C-A338DCE4187D}
		{CA9B0A22-349B-4445-B6CE-C277F0ACC563} = {161A1616-6DBC-49BE-9FC6-75E0CC42C847}
		{F9907AE3-663F-4ABB-9D44-3FC7A87146C8} = {3C22E8D6-CCC2-4445-B5F8-8B8468B77141}
		{A3F56DAD-EE73-4E18-83F0-A620A8600F32} = {3C22E8D6-CCC2-4445-B5F8-8B8468B77141}
		{EC950BF6-9DDE-47F3-9A8F-C947A1FC8E7F} = {DA851050-8668-48E3-9611-AB0A600B759C}
		{8EEAD411-C92C-4339-A29E-72B1C4B10634} = {DA851050-8668-48E3-9611-AB0A600B759C}
		{6D131190-BF89-441E-8698-0991C4F69E64} = {52FFCA1C-EDEF-4ACB-B595-E028AAB4D1BB}
		{1C30C52A-784E-4D6D-8ACC-BCD369EA9FCD} = {52FFCA1C-EDEF-4ACB-B595-E028AAB4D1BB}
	EndGlobalSection
EndGlobal
